
Microsoft Visual Studio Solution File, Format Version 12.00
# Visual Studio Version 18
VisualStudioVersion = 18.3.11512.155 d18.3
MinimumVisualStudioVersion = 10.0.40219.1
Project("{FAE04EC0-301F-11D3-BF4B-00C04F79EFBC}") = "server", "server.csproj", "{7C378355-8400-4891-89DE-A945EA30F18B}"
EndProject
Project("{FAE04EC0-301F-11D3-BF4B-00C04F79EFBC}") = "serverTests", "..\serverTests\serverTests.csproj", "{E236A488-2985-4E03-BA43-F6D09114ADC2}"
EndProject
Global
	GlobalSection(SolutionConfigurationPlatforms) = preSolution
		Debug|Any CPU = Debug|Any CPU
		Release|Any CPU = Release|Any CPU
	EndGlobalSection
	GlobalSection(ProjectConfigurationPlatforms) = postSolution
		{7C378355-8400-4891-89DE-A945EA30F18B}.Debug|Any CPU.ActiveCfg = Debug|Any CPU
		{7C378355-8400-4891-89DE-A945EA30F18B}.Debug|Any CPU.Build.0 = Debug|Any CPU
		{7C378355-8400-4891-89DE-A945EA30F18B}.Release|Any CPU.ActiveCfg = Release|Any CPU
		{7C378355-8400-4891-89DE-A945EA30F18B}.Release|Any CPU.Build.0 = Release|Any CPU
		{E236A488-2985-4E03-BA43-F6D09114ADC2}.Debug|Any CPU.ActiveCfg = Debug|Any CPU
		{E236A488-2985-4E03-BA43-F6D09114ADC2}.Debug|Any CPU.Build.0 = Debug|Any CPU
		{E236A488-2985-4E03-BA43-F6D09114ADC2}.Release|Any CPU.ActiveCfg = Release|Any CPU
		{E236A488-2985-4E03-BA43-F6D09114ADC2}.Release|Any CPU.Build.0 = Release|Any CPU
	EndGlobalSection
	GlobalSection(SolutionProperties) = preSolution
		HideSolutionNode = FALSE
	EndGlobalSection
	GlobalSection(ExtensibilityGlobals) = postSolution
		SolutionGuid = {1D14863B-44A9-4D65-B9C5-79A50B74C344}
	EndGlobalSection
EndGlobal
